
Microsoft Visual Studio Solution File, Format Version 12.00
# Visual Studio Version 17
VisualStudioVersion = 17.0.31903.59
MinimumVisualStudioVersion = 10.0.40219.1
Project("{2150E333-8FDC-42A3-9474-1A3956D46DE8}") = "src", "src", "{827E0CD3-B72D-47B6-A68D-7590B98EB39B}"
EndProject
Project("{FAE04EC0-301F-11D3-BF4B-00C04F79EFBC}") = "tc", "src\tc\tc.csproj", "{2505C0D5-A5AD-43F5-86C3-7F16473BC125}"
EndProject
Project("{2150E333-8FDC-42A3-9474-1A3956D46DE8}") = "tests", "tests", "{0AB3BF05-4346-4AA6-1389-037BE0695223}"
EndProject
Project("{FAE04EC0-301F-11D3-BF4B-00C04F79EFBC}") = "tc.tests", "tests\tc.tests\tc.tests.csproj", "{B5EF1560-23AA-42EB-AF3F-0CC7C995B937}"
EndProject
Global
	GlobalSection(SolutionConfigurationPlatforms) = preSolution
		Debug|Any CPU = Debug|Any CPU
		Debug|x64 = Debug|x64
		Debug|x86 = Debug|x86
		Release|Any CPU = Release|Any CPU
		Release|x64 = Release|x64
		Release|x86 = Release|x86
	EndGlobalSection
	GlobalSection(ProjectConfigurationPlatforms) = postSolution
		{2505C0D5-A5AD-43F5-86C3-7F16473BC125}.Debug|Any CPU.ActiveCfg = Debug|Any CPU
		{2505C0D5-A5AD-43F5-86C3-7F16473BC125}.Debug|Any CPU.Build.0 = Debug|Any CPU
		{2505C0D5-A5AD-43F5-86C3-7F16473BC125}.Debug|x64.ActiveCfg = Debug|Any CPU
		{2505C0D5-A5AD-43F5-86C3-7F16473BC125}.Debug|x64.Build.0 = Debug|Any CPU
		{2505C0D5-A5AD-43F5-86C3-7F16473BC125}.Debug|x86.ActiveCfg = Debug|Any CPU
		{2505C0D5-A5AD-43F5-86C3-7F16473BC125}.Debug|x86.Build.0 = Debug|Any CPU
		{2505C0D5-A5AD-43F5-86C3-7F16473BC125}.Release|Any CPU.ActiveCfg = Release|Any CPU
		{2505C0D5-A5AD-43F5-86C3-7F16473BC125}.Release|Any CPU.Build.0 = Release|Any CPU
		{2505C0D5-A5AD-43F5-86C3-7F16473BC125}.Release|x64.ActiveCfg = Release|Any CPU
		{2505C0D5-A5AD-43F5-86C3-7F16473BC125}.Release|x64.Build.0 = Release|Any CPU
		{2505C0D5-A5AD-43F5-86C3-7F16473BC125}.Release|x86.ActiveCfg = Release|Any CPU
		{2505C0D5-A5AD-43F5-86C3-7F16473BC125}.Release|x86.Build.0 = Release|Any CPU
		{B5EF1560-23AA-42EB-AF3F-0CC7C995B937}.Debug|Any CPU.ActiveCfg = Debug|Any CPU
		{B5EF1560-23AA-42EB-AF3F-0CC7C995B937}.Debug|Any CPU.Build.0 = Debug|Any CPU
		{B5EF1560-23AA-42EB-AF3F-0CC7C995B937}.Debug|x64.ActiveCfg = Debug|Any CPU
		{B5EF1560-23AA-42EB-AF3F-0CC7C995B937}.Debug|x64.Build.0 = Debug|Any CPU
		{B5EF1560-23AA-42EB-AF3F-0CC7C995B937}.Debug|x86.ActiveCfg = Debug|Any CPU
		{B5EF1560-23AA-42EB-AF3F-0CC7C995B937}.Debug|x86.Build.0 = Debug|Any CPU
		{B5EF1560-23AA-42EB-AF3F-0CC7C995B937}.Release|Any CPU.ActiveCfg = Release|Any CPU
		{B5EF1560-23AA-42EB-AF3F-0CC7C995B937}.Release|Any CPU.Build.0 = Release|Any CPU
		{B5EF1560-23AA-42EB-AF3F-0CC7C995B937}.Release|x64.ActiveCfg = Release|Any CPU
		{B5EF1560-23AA-42EB-AF3F-0CC7C995B937}.Release|x64.Build.0 = Release|Any CPU
		{B5EF1560-23AA-42EB-AF3F-0CC7C995B937}.Release|x86.ActiveCfg = Release|Any CPU
		{B5EF1560-23AA-42EB-AF3F-0CC7C995B937}.Release|x86.Build.0 = Release|Any CPU
	EndGlobalSection
	GlobalSection(SolutionProperties) = preSolution
		HideSolutionNode = FALSE
	EndGlobalSection
	GlobalSection(NestedProjects) = preSolution
		{2505C0D5-A5AD-43F5-86C3-7F16473BC125} = {827E0CD3-B72D-47B6-A68D-7590B98EB39B}
		{B5EF1560-23AA-42EB-AF3F-0CC7C995B937} = {0AB3BF05-4346-4AA6-1389-037BE0695223}
	EndGlobalSection
EndGlobal
